{
  "lockfileVersion": 1,
  "configVersion": 1,
  "workspaces": {
    "": {
      "name": "micrograd-ts",
      "dependencies": {
        "ts-graphviz": "^3.0.7",
      },
      "devDependencies": {
        "@types/bun": "latest",
      },
      "peerDependencies": {
        "typescript": "^5",
      },
    },
  },
  "packages": {
    "@ts-graphviz/adapter": ["@ts-graphviz/adapter@3.0.6", "", { "dependencies": { "@ts-graphviz/common": "^3.0.5" } }, "sha512-QQSKzxaBdiuYA6jC+ajKAgDoyRTIanQZai4FLi2d2t+wY1wEUot8tcY1eG9ftegFwff2gfjZzuZlysmU3zufiw=="],

    "@ts-graphviz/ast": ["@ts-graphviz/ast@3.0.6", "", { "dependencies": { "@ts-graphviz/common": "^3.0.5" } }, "sha512-9QOBQFanq0n7Ju9opTURHSvqXOqzHkplls3kkD6veWXNuJwaH8lzZUIEksU4i2gjAjRi+RafQWSWATZDKCCt8g=="],

    "@ts-graphviz/common": ["@ts-graphviz/common@3.0.5", "", {}, "sha512-CS7RMw2ywu0kqb05xD2n9dJMSEVae2MJagHkHh6u915UgW5ijDVhitNVwoVV6dKVeyf02ATm+autLKPwrNa86w=="],

    "@ts-graphviz/core": ["@ts-graphviz/core@3.0.7", "", { "dependencies": { "@ts-graphviz/ast": "^3.0.6", "@ts-graphviz/common": "^3.0.5" } }, "sha512-Oyz9raPOihgC0CxOIJVE6iXy4AOd2X4N5DsxaRQeENhtgMBuyZMg+vSaR5q37vriWDgJeITkXeTJBrbSDddpQQ=="],

    "@types/bun": ["@types/bun@1.3.14", "", { "dependencies": { "bun-types": "1.3.14" } }, "sha512-h1hFqFVcvAvD9j9K7ZW7vd82aSA+rTdznZa+5bwvCwqSB1jmmfLcbIWhOLx1/+boy/xmjgCs/OMUL8hRJSmnPw=="],

    "@types/node": ["@types/node@26.0.1", "", { "dependencies": { "undici-types": "~8.3.0" } }, "sha512-fc3KiUoBt6kie0N9bIW3E47vZsuaMf0PM2AaUpLCLT0s/LvX1nxAim6Fc049cNxODPpGm6qRAuUOB86SkRuPQw=="],

    "bun-types": ["bun-types@1.3.14", "", { "dependencies": { "@types/node": "*" } }, "sha512-4N0ig0fEomHt5R0KCFWjovxow98rIoRwKolrYdCcknNwMekCXRnWEUvgu5soYV8QXtVsrUD8B95MBOZGPvr6KQ=="],

    "ts-graphviz": ["ts-graphviz@3.0.7", "", { "dependencies": { "@ts-graphviz/adapter": "^3.0.6", "@ts-graphviz/ast": "^3.0.6", "@ts-graphviz/common": "^3.0.5", "@ts-graphviz/core": "^3.0.7" } }, "sha512-aGAjNs7IA+d3ZAflF9QluxWWtKCo8Ehrv0MziCY5Vi6hedugeZYfedq2cIIHX4be3ovGEDq+4D8/y9RrkdNFqw=="],

    "typescript": ["typescript@5.9.3", "", { "bin": { "tsc": "bin/tsc", "tsserver": "bin/tsserver" } }, "sha512-jl1vZzPDinLr9eUt3J/t7V6FgNEw9QjvBPdysz9KfQDD41fQrC2Y4vKQdiaUpFT4bXlb1RHhLpp8wtm6M5TgSw=="],

    "undici-types": ["undici-types@8.3.0", "", {}, "sha512-j375ScV60dom+YkPFIfTLcOiPxkN/buHz5GobjLhixFuANaNs3C9l4GmrWqejgXWJ7BbJcFYpTEUkS1Ge8bpZQ=="],
  }
}
